
Microsoft Visual Studio Solution File, Format Version 12.00
# Visual Studio 15
VisualStudioVersion = 15.0.26430.6
MinimumVisualStudioVersion = 10.0.40219.1
Project("{FAE04EC0-301F-11D3-BF4B-00C04F79EFBC}") = "NayaSawera", "NayaSawera\NayaSawera.csproj", "{CF674436-3AA3-45DA-80D4-2684B00E297D}"
EndProject
Global
	GlobalSection(SolutionConfigurationPlatforms) = preSolution
		Debug|Any CPU = Debug|Any CPU
		Release|Any CPU = Release|Any CPU
	EndGlobalSection
	GlobalSection(ProjectConfigurationPlatforms) = postSolution
		{CF674436-3AA3-45DA-80D4-2684B00E297D}.Debug|Any CPU.ActiveCfg = Debug|Any CPU
		{CF674436-3AA3-45DA-80D4-2684B00E297D}.Debug|Any CPU.Build.0 = Debug|Any CPU
		{CF674436-3AA3-45DA-80D4-2684B00E297D}.Release|Any CPU.ActiveCfg = Release|Any CPU
		{CF674436-3AA3-45DA-80D4-2684B00E297D}.Release|Any CPU.Build.0 = Release|Any CPU
	EndGlobalSection
	GlobalSection(SolutionProperties) = preSolution
		HideSolutionNode = FALSE
	EndGlobalSection
EndGlobal
